// !$*UTF8*$!
{
	archiveVersion = 1;
	classes = {
	};
	objectVersion = 46;
	objects = {

/* Begin PBXBuildFile section */
		F00166E81D07A27C00377E1F /* AppDelegate.swift in Sources */ = {isa = PBXBuildFile; fileRef = F00166E71D07A27C00377E1F /* AppDelegate.swift */; };
		F00166EA1D07A27C00377E1F /* ViewController.swift in Sources */ = {isa = PBXBuildFile; fileRef = F00166E91D07A27C00377E1F /* ViewController.swift */; };
		F00166ED1D07A27C00377E1F /* Main.storyboard in Resources */ = {isa = PBXBuildFile; fileRef = F00166EB1D07A27C00377E1F /* Main.storyboard */; };
		F00166EF1D07A27C00377E1F /* Assets.xcassets in Resources */ = {isa = PBXBuildFile; fileRef = F00166EE1D07A27C00377E1F /* Assets.xcassets */; };
		F00166F21D07A27C00377E1F /* LaunchScreen.storyboard in Resources */ = {isa = PBXBuildFile; fileRef = F00166F01D07A27C00377E1F /* LaunchScreen.storyboard */; };
		F08225531D1098F900A259F6 /* FactModel.swift in Sources */ = {isa = PBXBuildFile; fileRef = F08225521D1098F900A259F6 /* FactModel.swift */; };
		F0B595901D10C2540040581D /* ColorModel.swift in Sources */ = {isa = PBXBuildFile; fileRef = F0B5958F1D10C2540040581D /* ColorModel.swift */; };
/* End PBXBuildFile section */

/* Begin PBXFileReference section */
		F00166E41D07A27C00377E1F /* FunFacts.app */ = {isa = PBXFileReference; explicitFileType = wrapper.application; includeInIndex = 0; path = FunFacts.app; sourceTree = BUILT_PRODUCTS_DIR; };
		F00166E71D07A27C00377E1F /* AppDelegate.swift */ = {isa = PBXFileReference; lastKnownFileType = sourcecode.swift; path = AppDelegate.swift; sourceTree = "<group>"; };
		F00166E91D07A27C00377E1F /* ViewController.swift */ = {isa = PBXFileReference; lastKnownFileType = sourcecode.swift; path = ViewController.swift; sourceTree = "<group>"; };
		F00166EC1D07A27C00377E1F /* Base */ = {isa = PBXFileReference; lastKnownFileType = file.storyboard; name = Base; path = Base.lproj/Main.storyboard; sourceTree = "<group>"; };
		F00166EE1D07A27C00377E1F /* Assets.xcassets */ = {isa = PBXFileReference; lastKnownFileType = folder.assetcatalog; path = Assets.xcassets; sourceTree = "<group>"; };
		F00166F11D07A27C00377E1F /* Base */ = {isa = PBXFileReference; lastKnownFileType = file.storyboard; name = Base; path = Base.lproj/LaunchScreen.storyboard; sourceTree = "<group>"; };
		F00166F31D07A27C00377E1F /* Info.plist */ = {isa = PBXFileReference; lastKnownFileType = text.plist.xml; path = Info.plist; sourceTree = "<group>"; };
		F08225521D1098F900A259F6 /* FactModel.swift */ = {isa = PBXFileReference; fileEncoding = 4; lastKnownFileType = sourcecode.swift; path = FactModel.swift; sourceTree = "<group>"; };
		F0B5958F1D10C2540040581D /* ColorModel.swift */ = {isa = PBXFileReference; fileEncoding = 4; lastKnownFileType = sourcecode.swift; path = ColorModel.swift; sourceTree = "<group>"; };
/* End PBXFileReference section */

/* Begin PBXFrameworksBuildPhase section */
		F00166E11D07A27C00377E1F /* Frameworks */ = {
			isa = PBXFrameworksBuildPhase;
			buildActionMask = 2147483647;
			files = (
			);
			runOnlyForDeploymentPostprocessing = 0;
		};
/* End PBXFrameworksBuildPhase section */

/* Begin PBXGroup section */
		F00166DB1D07A27C00377E1F = {
			isa = PBXGroup;
			children = (
				F00166E61D07A27C00377E1F /* FunFacts */,
				F00166E51D07A27C00377E1F /* Products */,
			);
			sourceTree = "<group>";
		};
		F00166E51D07A27C00377E1F /* Products */ = {
			isa = PBXGroup;
			children = (
				F00166E41D07A27C00377E1F /* FunFacts.app */,
			);
			name = Products;
			sourceTree = "<group>";
		};
		F00166E61D07A27C00377E1F /* FunFacts */ = {
			isa = PBXGroup;
			children = (
				F00166E71D07A27C00377E1F /* AppDelegate.swift */,
				F00166E91D07A27C00377E1F /* ViewController.swift */,
				F08225521D1098F900A259F6 /* FactModel.swift */,
				F00166EB1D07A27C00377E1F /* Main.storyboard */,
				F00166EE1D07A27C00377E1F /* Assets.xcassets */,
				F00166F01D07A27C00377E1F /* LaunchScreen.storyboard */,
				F00166F31D07A27C00377E1F /* Info.plist */,
				F0B5958F1D10C2540040581D /* ColorModel.swift */,
			);
			path = FunFacts;
			sourceTree = "<group>";
		};
/* End PBXGroup section */

/* Begin PBXNativeTarget section */
		F00166E31D07A27C00377E1F /* FunFacts */ = {
			isa = PBXNativeTarget;
			buildConfigurationList = F00166F61D07A27C00377E1F /* Build configuration list for PBXNativeTarget "FunFacts" */;
			buildPhases = (
				F00166E01D07A27C00377E1F /* Sources */,
				F00166E11D07A27C00377E1F /* Frameworks */,
				F00166E21D07A27C00377E1F /* Resources */,
			);
			buildRules = (
			);
			dependencies = (
			);
			name = FunFacts;
			productName = FunFacts;
			productReference = F00166E41D07A27C00377E1F /* FunFacts.app */;
			productType = "com.apple.product-type.application";
		};
/* End PBXNativeTarget section */

/* Begin PBXProject section */
		F00166DC1D07A27C00377E1F /* Project object */ = {
			isa = PBXProject;
			attributes = {
				LastSwiftUpdateCheck = 0730;
				LastUpgradeCheck = 0730;
				ORGANIZATIONNAME = ALitDiamond;
				TargetAttributes = {
					F00166E31D07A27C00377E1F = {
						CreatedOnToolsVersion = 7.3.1;
						DevelopmentTeam = 9MD5TLEWD4;
					};
				};
			};
			buildConfigurationList = F00166DF1D07A27C00377E1F /* Build configuration list for PBXProject "FunFacts" */;
			compatibilityVersion = "Xcode 3.2";
			developmentRegion = English;
			hasScannedForEncodings = 0;
			knownRegions = (
				en,
				Base,
			);
			mainGroup = F00166DB1D07A27C00377E1F;
			productRefGroup = F00166E51D07A27C00377E1F /* Products */;
			projectDirPath = "";
			projectRoot = "";
			targets = (
				F00166E31D07A27C00377E1F /* FunFacts */,
			);
		};
/* End PBXProject section */

/* Begin PBXResourcesBuildPhase section */
		F00166E21D07A27C00377E1F /* Resources */ = {
			isa = PBXResourcesBuildPhase;
			buildActionMask = 2147483647;
			files = (
				F00166F21D07A27C00377E1F /* LaunchScreen.storyboard in Resources */,
				F00166EF1D07A27C00377E1F /* Assets.xcassets in Resources */,
				F00166ED1D07A27C00377E1F /* Main.storyboard in Resources */,
			);
			runOnlyForDeploymentPostprocessing = 0;
		};
/* End PBXResourcesBuildPhase section */

/* Begin PBXSourcesBuildPhase section */
		F00166E01D07A27C00377E1F /* Sources */ = {
			isa = PBXSourcesBuildPhase;
			buildActionMask = 2147483647;
			files = (
				F08225531D1098F900A259F6 /* FactModel.swift in Sources */,
				F00166EA1D07A27C00377E1F /* ViewController.swift in Sources */,
				F00166E81D07A27C00377E1F /* AppDelegate.swift in Sources */,
				F0B595901D10C2540040581D /* ColorModel.swift in Sources */,
			);
			runOnlyForDeploymentPostprocessing = 0;
		};
/* End PBXSourcesBuildPhase section */

/* Begin PBXVariantGroup section */
		F00166EB1D07A27C00377E1F /* Main.storyboard */ = {
			isa = PBXVariantGroup;
			children = (
				F00166EC1D07A27C00377E1F /* Base */,
			);
			name = Main.storyboard;
			sourceTree = "<group>";
		};
		F00166F01D07A27C00377E1F /* LaunchScreen.storyboard */ = {
			isa = PBXVariantGroup;
			children = (
				F00166F11D07A27C00377E1F /* Base */,
			);
			name = LaunchScreen.storyboard;
			sourceTree = "<group>";
		};
/* End PBXVariantGroup section */

/* Begin XCBuildConfiguration section */
		F00166F41D07A27C00377E1F /* Debug */ = {
			isa = XCBuildConfiguration;
			buildSettings = {
				ALWAYS_SEARCH_USER_PATHS = NO;
				CLANG_ANALYZER_NONNULL = YES;
				CLANG_CXX_LANGUAGE_STANDARD = "gnu++0x";
				CLANG_CXX_LIBRARY = "libc++";
				CLANG_ENABLE_MODULES = YES;
				CLANG_ENABLE_OBJC_ARC = YES;
				CLANG_WARN_BOOL_CONVERSION = YES;
				CLANG_WARN_CONSTANT_CONVERSION = YES;
				CLANG_WARN_DIRECT_OBJC_ISA_USAGE = YES_ERROR;
				CLANG_WARN_EMPTY_BODY = YES;
				CLANG_WARN_ENUM_CONVERSION = YES;
				CLANG_WARN_INT_CONVERSION = YES;
				CLANG_WARN_OBJC_ROOT_CLASS = YES_ERROR;
				CLANG_WARN_UNREACHABLE_CODE = YES;
				CLANG_WARN__DUPLICATE_METHOD_MATCH = YES;
				"CODE_SIGN_IDENTITY[sdk=iphoneos*]" = "iPhone Developer";
				COPY_PHASE_STRIP = NO;
				DEBUG_INFORMATION_FORMAT = dwarf;
				ENABLE_STRICT_OBJC_MSGSEND = YES;
				ENABLE_TESTABILITY = YES;
				GCC_C_LANGUAGE_STANDARD = gnu99;
				GCC_DYNAMIC_NO_PIC = NO;
				GCC_NO_COMMON_BLOCKS = YES;
				GCC_OPTIMIZATION_LEVEL = 0;
				GCC_PREPROCESSOR_DEFINITIONS = (
					"DEBUG=1",
					"$(inherited)",
				);
				GCC_WARN_64_TO_32_BIT_CONVERSION = YES;
				GCC_WARN_ABOUT_RETURN_TYPE = YES_ERROR;
				GCC_WARN_UNDECLARED_SELECTOR = YES;
				GCC_WARN_UNINITIALIZED_AUTOS = YES_AGGRESSIVE;
				GCC_WARN_UNUSED_FUNCTION = YES;
				GCC_WARN_UNUSED_VARIABLE = YES;
				IPHONEOS_DEPLOYMENT_TARGET = 9.3;
				MTL_ENABLE_DEBUG_INFO = YES;
				ONLY_ACTIVE_ARCH = YES;
				SDKROOT = iphoneos;
				SWIFT_OPTIMIZATION_LEVEL = "-Onone";
			};
			name = Debug;
		};
		F00166F51D07A27C00377E1F /* Release */ = {
			isa = XCBuildConfiguration;
			buildSettings = {
				ALWAYS_SEARCH_USER_PATHS = NO;
				CLANG_ANALYZER_NONNULL = YES;
				CLANG_CXX_LANGUAGE_STANDARD = "gnu++0x";
				CLANG_CXX_LIBRARY = "libc++";
				CLANG_ENABLE_MODULES = YES;
				CLANG_ENABLE_OBJC_ARC = YES;
				CLANG_WARN_BOOL_CONVERSION = YES;
				CLANG_WARN_CONSTANT_CONVERSION = YES;
				CLANG_WARN_DIRECT_OBJC_ISA_USAGE = YES_ERROR;
				CLANG_WARN_EMPTY_BODY = YES;
				CLANG_WARN_ENUM_CONVERSION = YES;
				CLANG_WARN_INT_CONVERSION = YES;
				CLANG_WARN_OBJC_ROOT_CLASS = YES_ERROR;
				CLANG_WARN_UNREACHABLE_CODE = YES;
				CLANG_WARN__DUPLICATE_METHOD_MATCH = YES;
				"CODE_SIGN_IDENTITY[sdk=iphoneos*]" = "iPhone Developer";
				COPY_PHASE_STRIP = NO;
				DEBUG_INFORMATION_FORMAT = "dwarf-with-dsym";
				ENABLE_NS_ASSERTIONS = NO;
				ENABLE_STRICT_OBJC_MSGSEND = YES;
				GCC_C_LANGUAGE_STANDARD = gnu99;
				GCC_NO_COMMON_BLOCKS = YES;
				GCC_WARN_64_TO_32_BIT_CONVERSION = YES;
				GCC_WARN_ABOUT_RETURN_TYPE = YES_ERROR;
				GCC_WARN_UNDECLARED_SELECTOR = YES;
				GCC_WARN_UNINITIALIZED_AUTOS = YES_AGGRESSIVE;
				GCC_WARN_UNUSED_FUNCTION = YES;
				GCC_WARN_UNUSED_VARIABLE = YES;
				IPHONEOS_DEPLOYMENT_TARGET = 9.3;
				MTL_ENABLE_DEBUG_INFO = NO;
				SDKROOT = iphoneos;
				VALIDATE_PRODUCT = YES;
			};
			name = Release;
		};
		F00166F71D07A27C00377E1F /* Debug */ = {
			isa = XCBuildConfiguration;
			buildSettings = {
				ASSETCATALOG_COMPILER_APPICON_NAME = AppIcon;
				CODE_SIGN_IDENTITY = "iPhone Developer";
				"CODE_SIGN_IDENTITY[sdk=iphoneos*]" = "iPhone Developer";
				INFOPLIST_FILE = FunFacts/Info.plist;
				LD_RUNPATH_SEARCH_PATHS = "$(inherited) @executable_path/Frameworks";
				PRODUCT_BUNDLE_IDENTIFIER = com.alitdiamond.FunFacts;
				PRODUCT_NAME = "$(TARGET_NAME)";
				PROVISIONING_PROFILE = "";
			};
			name = Debug;
		};
		F00166F81D07A27C00377E1F /* Release */ = {
			isa = XCBuildConfiguration;
			buildSettings = {
				ASSETCATALOG_COMPILER_APPICON_NAME = AppIcon;
				CODE_SIGN_IDENTITY = "iPhone Developer";
				"CODE_SIGN_IDENTITY[sdk=iphoneos*]" = "iPhone Developer";
				INFOPLIST_FILE = FunFacts/Info.plist;
				LD_RUNPATH_SEARCH_PATHS = "$(inherited) @executable_path/Frameworks";
				PRODUCT_BUNDLE_IDENTIFIER = com.alitdiamond.FunFacts;
				PRODUCT_NAME = "$(TARGET_NAME)";
				PROVISIONING_PROFILE = "";
			};
			name = Release;
		};
/* End XCBuildConfiguration section */

/* Begin XCConfigurationList section */
		F00166DF1D07A27C00377E1F /* Build configuration list for PBXProject "FunFacts" */ = {
			isa = XCConfigurationList;
			buildConfigurations = (
				F00166F41D07A27C00377E1F /* Debug */,
				F00166F51D07A27C00377E1F /* Release */,
			);
			defaultConfigurationIsVisible = 0;
			defaultConfigurationName = Release;
		};
		F00166F61D07A27C00377E1F /* Build configuration list for PBXNativeTarget "FunFacts" */ = {
			isa = XCConfigurationList;
			buildConfigurations = (
				F00166F71D07A27C00377E1F /* Debug */,
				F00166F81D07A27C00377E1F /* Release */,
			);
			defaultConfigurationIsVisible = 0;
			defaultConfigurationName = Release;
		};
/* End XCConfigurationList section */
	};
	rootObject = F00166DC1D07A27C00377E1F /* Project object */;
}
